// !$*UTF8*$!
{
	archiveVersion = 1;
	classes = {
	};
	objectVersion = 77;
	objects = {

/* Begin PBXBuildFile section */
		00E5E05A6466D168433C811D /* MockcatSampleApp.swift in Sources */ = {isa = PBXBuildFile; fileRef = "TEMP_461B1CDE-6F53-453C-9A78-78C221C314F2" /* MockcatSampleApp.swift */; };
		0F84F7E80BC38BBE9AD0E401 /* Api.swift in Sources */ = {isa = PBXBuildFile; fileRef = "TEMP_DDA92714-7169-4D0E-A106-5D727D09E2F9" /* Api.swift */; };
		4138179A637A90D85765F595 /* Models.swift in Sources */ = {isa = PBXBuildFile; fileRef = "TEMP_7555F547-D3B2-485A-8317-4E4D622D586D" /* Models.swift */; };
		89CA6018B82E03FA7E45E5D7 /* MovieDetailScreen.swift in Sources */ = {isa = PBXBuildFile; fileRef = "TEMP_6CD4A6AE-03BD-49E5-8EFD-CE485E58AFDF" /* MovieDetailScreen.swift */; };
		F60EBC7E49CFAF2B06950040 /* ContentView.swift in Sources */ = {isa = PBXBuildFile; fileRef = "TEMP_E1DF8417-943A-4199-A036-0BB85AB0A6DC" /* ContentView.swift */; };
/* End PBXBuildFile section */

/* Begin PBXFileReference section */
		98ECAF08CA06C0491B19A4BD /* MockcatSample.app */ = {isa = PBXFileReference; includeInIndex = 0; lastKnownFileType = wrapper.application; path = MockcatSample.app; sourceTree = BUILT_PRODUCTS_DIR; };
		"TEMP_461B1CDE-6F53-453C-9A78-78C221C314F2" /* MockcatSampleApp.swift */ = {isa = PBXFileReference; lastKnownFileType = sourcecode.swift; path = MockcatSampleApp.swift; sourceTree = "<group>"; };
		"TEMP_6CD4A6AE-03BD-49E5-8EFD-CE485E58AFDF" /* MovieDetailScreen.swift */ = {isa = PBXFileReference; lastKnownFileType = sourcecode.swift; path = MovieDetailScreen.swift; sourceTree = "<group>"; };
		"TEMP_7555F547-D3B2-485A-8317-4E4D622D586D" /* Models.swift */ = {isa = PBXFileReference; lastKnownFileType = sourcecode.swift; path = Models.swift; sourceTree = "<group>"; };
		"TEMP_AD3B6574-B57A-468C-8333-781ABE446F16" /* .gitignore */ = {isa = PBXFileReference; path = .gitignore; sourceTree = "<group>"; };
		"TEMP_DDA92714-7169-4D0E-A106-5D727D09E2F9" /* Api.swift */ = {isa = PBXFileReference; lastKnownFileType = sourcecode.swift; path = Api.swift; sourceTree = "<group>"; };
		"TEMP_E1DF8417-943A-4199-A036-0BB85AB0A6DC" /* ContentView.swift */ = {isa = PBXFileReference; lastKnownFileType = sourcecode.swift; path = ContentView.swift; sourceTree = "<group>"; };
		"TEMP_E290789F-17C1-4A10-9A64-173910D53070" /* Info.plist */ = {isa = PBXFileReference; lastKnownFileType = text.plist; path = Info.plist; sourceTree = "<group>"; };
/* End PBXFileReference section */

/* Begin PBXGroup section */
		50DF813B9E07E676D8EE1089 /* Products */ = {
			isa = PBXGroup;
			children = (
				98ECAF08CA06C0491B19A4BD /* MockcatSample.app */,
			);
			name = Products;
			sourceTree = "<group>";
		};
		C9A57FD96572E84CBC6E2B09 = {
			isa = PBXGroup;
			children = (
				50DF813B9E07E676D8EE1089 /* Products */,
			);
			sourceTree = "<group>";
		};
		"TEMP_31DD5C3D-8E94-4E44-8A7D-29745B0F3CE5" /* . */ = {
			isa = PBXGroup;
			children = (
				"TEMP_6CD4A6AE-03BD-49E5-8EFD-CE485E58AFDF" /* MovieDetailScreen.swift */,
				"TEMP_AD3B6574-B57A-468C-8333-781ABE446F16" /* .gitignore */,
				"TEMP_461B1CDE-6F53-453C-9A78-78C221C314F2" /* MockcatSampleApp.swift */,
				"TEMP_7555F547-D3B2-485A-8317-4E4D622D586D" /* Models.swift */,
				"TEMP_DDA92714-7169-4D0E-A106-5D727D09E2F9" /* Api.swift */,
				"TEMP_E1DF8417-943A-4199-A036-0BB85AB0A6DC" /* ContentView.swift */,
				"TEMP_E290789F-17C1-4A10-9A64-173910D53070" /* Info.plist */,
			);
			name = .;
			path = .;
			sourceTree = "<group>";
		};
/* End PBXGroup section */

/* Begin PBXNativeTarget section */
		55F4386E47C8ED25BA48BCBB /* MockcatSample */ = {
			isa = PBXNativeTarget;
			buildConfigurationList = 5BCB6AFD92BCF236C2BC4683 /* Build configuration list for PBXNativeTarget "MockcatSample" */;
			buildPhases = (
				2F4F38EEF697932B57318E82 /* Link KMP (Gradle) */,
				1377D567F609E3038C61E118 /* Sources */,
			);
			buildRules = (
			);
			dependencies = (
			);
			name = MockcatSample;
			packageProductDependencies = (
			);
			productName = MockcatSample;
			productReference = 98ECAF08CA06C0491B19A4BD /* MockcatSample.app */;
			productType = "com.apple.product-type.application";
		};
/* End PBXNativeTarget section */

/* Begin PBXProject section */
		D8A71171D564C0D071EF5D3F /* Project object */ = {
			isa = PBXProject;
			attributes = {
				BuildIndependentTargetsInParallel = YES;
				LastUpgradeCheck = 1430;
				TargetAttributes = {
				};
			};
			buildConfigurationList = 04127A1B03DCAFDA0ED64E79 /* Build configuration list for PBXProject "MockcatSample" */;
			developmentRegion = en;
			hasScannedForEncodings = 0;
			knownRegions = (
				Base,
				en,
			);
			mainGroup = C9A57FD96572E84CBC6E2B09;
			minimizedProjectReferenceProxies = 1;
			preferredProjectObjectVersion = 77;
			productRefGroup = 50DF813B9E07E676D8EE1089 /* Products */;
			projectDirPath = "";
			projectRoot = "";
			targets = (
				55F4386E47C8ED25BA48BCBB /* MockcatSample */,
			);
		};
/* End PBXProject section */

/* Begin PBXShellScriptBuildPhase section */
		2F4F38EEF697932B57318E82 /* Link KMP (Gradle) */ = {
			isa = PBXShellScriptBuildPhase;
			alwaysOutOfDate = 1;
			buildActionMask = 2147483647;
			files = (
			);
			inputFileListPaths = (
			);
			inputPaths = (
			);
			name = "Link KMP (Gradle)";
			outputFileListPaths = (
			);
			outputPaths = (
			);
			runOnlyForDeploymentPostprocessing = 0;
			shellPath = /bin/sh;
			shellScript = "#!/bin/bash\n# Resolves the Git repo root and runs Gradle to build the KMP iOS framework (simulator, arm64).\n# Xcode run-script env: https://help.apple.com/xcode/#/dev745c52c4c\nset -euo pipefail\nif [[ -n \"${PROJECT_DIR:-}\" ]]; then\n  # Directory that contains the .xcodeproj (e.g. …/iosApp/MockcatSample)\n  REPO_ROOT=\"$(cd \"$PROJECT_DIR/../..\" && pwd)\"\nelif [[ -n \"${SRCROOT:-}\" ]]; then\n  REPO_ROOT=\"$(cd \"$SRCROOT/../..\" && pwd)\"\nelse\n  SCRIPT_DIR=\"$(cd \"$(dirname \"${BASH_SOURCE[0]:-$0}\")\" && pwd)\"\n  REPO_ROOT=\"$(cd \"$SCRIPT_DIR/../..\" && pwd)\"\nfi\ncd \"$REPO_ROOT\"\nif [[ -x ./gradlew ]]; then\n  exec ./gradlew --no-daemon :mockcat-logger-ui:linkDebugFrameworkIosSimulatorArm64\nelse\n  echo \"error: expected ./gradlew at $REPO_ROOT\" >&2\n  exit 1\nfi\n";
		};
/* End PBXShellScriptBuildPhase section */

/* Begin PBXSourcesBuildPhase section */
		1377D567F609E3038C61E118 /* Sources */ = {
			isa = PBXSourcesBuildPhase;
			buildActionMask = 2147483647;
			files = (
				0F84F7E80BC38BBE9AD0E401 /* Api.swift in Sources */,
				F60EBC7E49CFAF2B06950040 /* ContentView.swift in Sources */,
				00E5E05A6466D168433C811D /* MockcatSampleApp.swift in Sources */,
				4138179A637A90D85765F595 /* Models.swift in Sources */,
				89CA6018B82E03FA7E45E5D7 /* MovieDetailScreen.swift in Sources */,
			);
			runOnlyForDeploymentPostprocessing = 0;
		};
/* End PBXSourcesBuildPhase section */

/* Begin XCBuildConfiguration section */
		73251E642AD5F447E7293C58 /* Release */ = {
			isa = XCBuildConfiguration;
			buildSettings = {
				ALWAYS_SEARCH_USER_PATHS = NO;
				CLANG_ANALYZER_NONNULL = YES;
				CLANG_ANALYZER_NUMBER_OBJECT_CONVERSION = YES_AGGRESSIVE;
				CLANG_CXX_LANGUAGE_STANDARD = "gnu++14";
				CLANG_CXX_LIBRARY = "libc++";
				CLANG_ENABLE_MODULES = YES;
				CLANG_ENABLE_OBJC_ARC = YES;
				CLANG_ENABLE_OBJC_WEAK = YES;
				CLANG_WARN_BLOCK_CAPTURE_AUTORELEASING = YES;
				CLANG_WARN_BOOL_CONVERSION = YES;
				CLANG_WARN_COMMA = YES;
				CLANG_WARN_CONSTANT_CONVERSION = YES;
				CLANG_WARN_DEPRECATED_OBJC_IMPLEMENTATIONS = YES;
				CLANG_WARN_DIRECT_OBJC_ISA_USAGE = YES_ERROR;
				CLANG_WARN_DOCUMENTATION_COMMENTS = YES;
				CLANG_WARN_EMPTY_BODY = YES;
				CLANG_WARN_ENUM_CONVERSION = YES;
				CLANG_WARN_INFINITE_RECURSION = YES;
				CLANG_WARN_INT_CONVERSION = YES;
				CLANG_WARN_NON_LITERAL_NULL_CONVERSION = YES;
				CLANG_WARN_OBJC_IMPLICIT_RETAIN_SELF = YES;
				CLANG_WARN_OBJC_LITERAL_CONVERSION = YES;
				CLANG_WARN_OBJC_ROOT_CLASS = YES_ERROR;
				CLANG_WARN_QUOTED_INCLUDE_IN_FRAMEWORK_HEADER = YES;
				CLANG_WARN_RANGE_LOOP_ANALYSIS = YES;
				CLANG_WARN_STRICT_PROTOTYPES = YES;
				CLANG_WARN_SUSPICIOUS_MOVE = YES;
				CLANG_WARN_UNGUARDED_AVAILABILITY = YES_AGGRESSIVE;
				CLANG_WARN_UNREACHABLE_CODE = YES;
				CLANG_WARN__DUPLICATE_METHOD_MATCH = YES;
				COPY_PHASE_STRIP = NO;
				DEBUG_INFORMATION_FORMAT = "dwarf-with-dsym";
				ENABLE_NS_ASSERTIONS = NO;
				ENABLE_STRICT_OBJC_MSGSEND = YES;
				GCC_C_LANGUAGE_STANDARD = gnu11;
				GCC_NO_COMMON_BLOCKS = YES;
				GCC_WARN_64_TO_32_BIT_CONVERSION = YES;
				GCC_WARN_ABOUT_RETURN_TYPE = YES_ERROR;
				GCC_WARN_UNDECLARED_SELECTOR = YES;
				GCC_WARN_UNINITIALIZED_AUTOS = YES_AGGRESSIVE;
				GCC_WARN_UNUSED_FUNCTION = YES;
				GCC_WARN_UNUSED_VARIABLE = YES;
				IPHONEOS_DEPLOYMENT_TARGET = 16.0;
				MTL_ENABLE_DEBUG_INFO = NO;
				MTL_FAST_MATH = YES;
				PRODUCT_NAME = "$(TARGET_NAME)";
				SDKROOT = iphoneos;
				SWIFT_COMPILATION_MODE = wholemodule;
				SWIFT_OPTIMIZATION_LEVEL = "-O";
				SWIFT_VERSION = 5.0;
				TARGETED_DEVICE_FAMILY = "1,2";
			};
			name = Release;
		};
		8C721DBAF07102E25AA42D00 /* Release */ = {
			isa = XCBuildConfiguration;
			buildSettings = {
				ASSETCATALOG_COMPILER_APPICON_NAME = AppIcon;
				CODE_SIGN_IDENTITY = "iPhone Developer";
				FRAMEWORK_SEARCH_PATHS = "$(inherited) $(SRCROOT)/../../mockcat-logger-ui/build/bin/iosSimulatorArm64/debugFramework";
				INFOPLIST_FILE = Info.plist;
				LD_RUNPATH_SEARCH_PATHS = (
					"$(inherited)",
					"@executable_path/Frameworks",
				);
				OTHER_LDFLAGS = "$(inherited) -framework MockcatLoggerUI";
				PRODUCT_BUNDLE_IDENTIFIER = com.mockcat.MockcatSample;
				SDKROOT = iphoneos;
				TARGETED_DEVICE_FAMILY = "1,2";
			};
			name = Release;
		};
		8E5CFA307FD4548F53A4B7F2 /* Debug */ = {
			isa = XCBuildConfiguration;
			buildSettings = {
				ASSETCATALOG_COMPILER_APPICON_NAME = AppIcon;
				CODE_SIGN_IDENTITY = "iPhone Developer";
				FRAMEWORK_SEARCH_PATHS = "$(inherited) $(SRCROOT)/../../mockcat-logger-ui/build/bin/iosSimulatorArm64/debugFramework";
				INFOPLIST_FILE = Info.plist;
				LD_RUNPATH_SEARCH_PATHS = (
					"$(inherited)",
					"@executable_path/Frameworks",
				);
				OTHER_LDFLAGS = "$(inherited) -framework MockcatLoggerUI";
				PRODUCT_BUNDLE_IDENTIFIER = com.mockcat.MockcatSample;
				SDKROOT = iphoneos;
				TARGETED_DEVICE_FAMILY = "1,2";
			};
			name = Debug;
		};
		B12696D54CEEA66C3481B1C4 /* Debug */ = {
			isa = XCBuildConfiguration;
			buildSettings = {
				ALWAYS_SEARCH_USER_PATHS = NO;
				CLANG_ANALYZER_NONNULL = YES;
				CLANG_ANALYZER_NUMBER_OBJECT_CONVERSION = YES_AGGRESSIVE;
				CLANG_CXX_LANGUAGE_STANDARD = "gnu++14";
				CLANG_CXX_LIBRARY = "libc++";
				CLANG_ENABLE_MODULES = YES;
				CLANG_ENABLE_OBJC_ARC = YES;
				CLANG_ENABLE_OBJC_WEAK = YES;
				CLANG_WARN_BLOCK_CAPTURE_AUTORELEASING = YES;
				CLANG_WARN_BOOL_CONVERSION = YES;
				CLANG_WARN_COMMA = YES;
				CLANG_WARN_CONSTANT_CONVERSION = YES;
				CLANG_WARN_DEPRECATED_OBJC_IMPLEMENTATIONS = YES;
				CLANG_WARN_DIRECT_OBJC_ISA_USAGE = YES_ERROR;
				CLANG_WARN_DOCUMENTATION_COMMENTS = YES;
				CLANG_WARN_EMPTY_BODY = YES;
				CLANG_WARN_ENUM_CONVERSION = YES;
				CLANG_WARN_INFINITE_RECURSION = YES;
				CLANG_WARN_INT_CONVERSION = YES;
				CLANG_WARN_NON_LITERAL_NULL_CONVERSION = YES;
				CLANG_WARN_OBJC_IMPLICIT_RETAIN_SELF = YES;
				CLANG_WARN_OBJC_LITERAL_CONVERSION = YES;
				CLANG_WARN_OBJC_ROOT_CLASS = YES_ERROR;
				CLANG_WARN_QUOTED_INCLUDE_IN_FRAMEWORK_HEADER = YES;
				CLANG_WARN_RANGE_LOOP_ANALYSIS = YES;
				CLANG_WARN_STRICT_PROTOTYPES = YES;
				CLANG_WARN_SUSPICIOUS_MOVE = YES;
				CLANG_WARN_UNGUARDED_AVAILABILITY = YES_AGGRESSIVE;
				CLANG_WARN_UNREACHABLE_CODE = YES;
				CLANG_WARN__DUPLICATE_METHOD_MATCH = YES;
				COPY_PHASE_STRIP = NO;
				DEBUG_INFORMATION_FORMAT = dwarf;
				ENABLE_STRICT_OBJC_MSGSEND = YES;
				ENABLE_TESTABILITY = YES;
				GCC_C_LANGUAGE_STANDARD = gnu11;
				GCC_DYNAMIC_NO_PIC = NO;
				GCC_NO_COMMON_BLOCKS = YES;
				GCC_OPTIMIZATION_LEVEL = 0;
				GCC_PREPROCESSOR_DEFINITIONS = (
					"$(inherited)",
					"DEBUG=1",
				);
				GCC_WARN_64_TO_32_BIT_CONVERSION = YES;
				GCC_WARN_ABOUT_RETURN_TYPE = YES_ERROR;
				GCC_WARN_UNDECLARED_SELECTOR = YES;
				GCC_WARN_UNINITIALIZED_AUTOS = YES_AGGRESSIVE;
				GCC_WARN_UNUSED_FUNCTION = YES;
				GCC_WARN_UNUSED_VARIABLE = YES;
				IPHONEOS_DEPLOYMENT_TARGET = 16.0;
				MTL_ENABLE_DEBUG_INFO = INCLUDE_SOURCE;
				MTL_FAST_MATH = YES;
				ONLY_ACTIVE_ARCH = YES;
				PRODUCT_NAME = "$(TARGET_NAME)";
				SDKROOT = iphoneos;
				SWIFT_ACTIVE_COMPILATION_CONDITIONS = DEBUG;
				SWIFT_OPTIMIZATION_LEVEL = "-Onone";
				SWIFT_VERSION = 5.0;
				TARGETED_DEVICE_FAMILY = "1,2";
			};
			name = Debug;
		};
/* End XCBuildConfiguration section */

/* Begin XCConfigurationList section */
		04127A1B03DCAFDA0ED64E79 /* Build configuration list for PBXProject "MockcatSample" */ = {
			isa = XCConfigurationList;
			buildConfigurations = (
				B12696D54CEEA66C3481B1C4 /* Debug */,
				73251E642AD5F447E7293C58 /* Release */,
			);
			defaultConfigurationIsVisible = 0;
			defaultConfigurationName = Debug;
		};
		5BCB6AFD92BCF236C2BC4683 /* Build configuration list for PBXNativeTarget "MockcatSample" */ = {
			isa = XCConfigurationList;
			buildConfigurations = (
				8E5CFA307FD4548F53A4B7F2 /* Debug */,
				8C721DBAF07102E25AA42D00 /* Release */,
			);
			defaultConfigurationIsVisible = 0;
			defaultConfigurationName = Debug;
		};
/* End XCConfigurationList section */
	};
	rootObject = D8A71171D564C0D071EF5D3F /* Project object */;
}
